PODS:
  - Alamofire (4.8.1)
  - AlamofireImage (3.5.0):
    - Alamofire (~> 4.8)
  - Charts (3.2.2):
    - Charts/Core (= 3.2.2)
  - Charts/Core (3.2.2)
  - SwiftRecord (0.0.6)

DEPENDENCIES:
  - Alamofire
  - AlamofireImage
  - Charts
  - SwiftRecord

SPEC REPOS:
  https://github.com/cocoapods/specs.git:
    - Alamofire
    - AlamofireImage
    - Charts
    - SwiftRecord

SPEC CHECKSUMS:
  Alamofire: 16ce2c353fb72865124ddae8a57c5942388f4f11
  AlamofireImage: 1aea346f4dda2f6c67622fa5a89fcbb80d79cc16
  Charts: f69cf0518b6d1d62608ca504248f1bbe0b6ae77e
  SwiftRecord: 0e323b089f2c84639f7e12aa2c827d85fa871af0

PODFILE CHECKSUM: 457e853b1af7a68aad60b1b9ff3b045f29ef6212

COCOAPODS: 1.5.3
